
Microsoft Visual Studio Solution File, Format Version 12.00
# Visual Studio Version 17
VisualStudioVersion = 17.9.34728.123
MinimumVisualStudioVersion = 10.0.40219.1
Project("{8BC9CEB8-8B4A-11D0-8D11-00A0C91BC942}") = "Program", "Program.vcxproj", "{0007D76B-E628-4BEE-97A8-AFD132696EC7}"
EndProject
Project("{8BC9CEB8-8B4A-11D0-8D11-00A0C91BC942}") = "Class1th (printf)", "..\Class1th (printf)\Class1th (printf).vcxproj", "{29747F0A-B6DF-4BCB-AEDF-B29058332B88}"
EndProject
Project("{8BC9CEB8-8B4A-11D0-8D11-00A0C91BC942}") = "Class2th (Variable & Constant)", "..\Class2th (Variable & Constant)\Class2th (Variable & Constant).vcxproj", "{23CE3734-E61D-4194-B7C9-9C0C5724133F}"
EndProject
Project("{8BC9CEB8-8B4A-11D0-8D11-00A0C91BC942}") = "Class3th (Bit)", "..\Class3th (Bit)\Class3th (Bit).vcxproj", "{797B3620-739F-4A3D-864E-578AD281C09B}"
EndProject
Project("{8BC9CEB8-8B4A-11D0-8D11-00A0C91BC942}") = "Class4th (Overflow & Underflow)", "..\Class4th (Overflow & Underflow)\Class4th (Overflow & Underflow).vcxproj", "{244B9648-5FF0-40E6-B00D-618FC42273D7}"
EndProject
Project("{8BC9CEB8-8B4A-11D0-8D11-00A0C91BC942}") = "Class5th (Conditional Statement)", "..\Class5th (Conditionnal Statement)\Class5th (Conditionnal Statement).vcxproj", "{999063CF-BF91-4F3E-8146-D8EDC22D4C42}"
EndProject
Project("{8BC9CEB8-8B4A-11D0-8D11-00A0C91BC942}") = "Class6th (Iteration statement)", "..\Class6th (Iteration statement)\Class6th (Iteration statement).vcxproj", "{58EB814D-D2C5-4FE6-A4F4-35B8A2EE0AEF}"
EndProject
Project("{8BC9CEB8-8B4A-11D0-8D11-00A0C91BC942}") = "Class7th (Type Conversion", "..\Class7th (Type Conversion\Class7th (Type Conversion.vcxproj", "{20F995C8-6CC2-42C6-9E89-E526341EF2CD}"
EndProject
Project("{8BC9CEB8-8B4A-11D0-8D11-00A0C91BC942}") = "Class8th (Pointer)", "..\Class8th (Pointer)\Class8th (Pointer).vcxproj", "{6A91221B-C4DC-40E1-856F-BBDC8717339C}"
EndProject
Project("{8BC9CEB8-8B4A-11D0-8D11-00A0C91BC942}") = "Class9th (Array)", "..\Class9th (Array)\Class9th (Array).vcxproj", "{A7708743-5971-498E-B6F1-3401AE6AE3D1}"
EndProject
Project("{8BC9CEB8-8B4A-11D0-8D11-00A0C91BC942}") = "Class10th (String)", "..\Class10th (String)\Class10th (String).vcxproj", "{92E6B82B-97DE-4CDB-A596-54D3372254B4}"
EndProject
Project("{8BC9CEB8-8B4A-11D0-8D11-00A0C91BC942}") = "Class11th (Function)", "..\Class11th (Function)\Class11th (Function).vcxproj", "{49700849-4901-4776-906A-24A196403BE8}"
EndProject
Project("{8BC9CEB8-8B4A-11D0-8D11-00A0C91BC942}") = "Class12th (Ascii Code)", "..\Class12th (Ascii Code)\Class12th (Ascii Code).vcxproj", "{735A8EE8-E01B-42D1-B6F4-37992D4A245C}"
EndProject
Project("{8BC9CEB8-8B4A-11D0-8D11-00A0C91BC942}") = "Class13th (Dynamic Allocation)", "..\Class13th (Dynamic Allocation)\Class13th (Dynamic Allocation).vcxproj", "{5F3FC40F-52AB-4A66-8752-171F07BF09DC}"
EndProject
Project("{8BC9CEB8-8B4A-11D0-8D11-00A0C91BC942}") = "Class14th (Struct)", "..\Class14th (Struct)\Class14th (Struct).vcxproj", "{28F76649-2465-4A2E-A152-8D13E721DB32}"
EndProject
Project("{8BC9CEB8-8B4A-11D0-8D11-00A0C91BC942}") = "Class15th (Byte Padding)", "..\Class15th (Byte Padding)\Class15th (Byte Padding).vcxproj", "{47B6D3E5-21C6-4450-9279-1A503DCCC1A3}"
EndProject
Global
	GlobalSection(SolutionConfigurationPlatforms) = preSolution
		Debug|x64 = Debug|x64
		Debug|x86 = Debug|x86
		Release|x64 = Release|x64
		Release|x86 = Release|x86
	EndGlobalSection
	GlobalSection(ProjectConfigurationPlatforms) = postSolution
		{0007D76B-E628-4BEE-97A8-AFD132696EC7}.Debug|x64.ActiveCfg = Debug|x64
		{0007D76B-E628-4BEE-97A8-AFD132696EC7}.Debug|x64.Build.0 = Debug|x64
		{0007D76B-E628-4BEE-97A8-AFD132696EC7}.Debug|x86.ActiveCfg = Debug|Win32
		{0007D76B-E628-4BEE-97A8-AFD132696EC7}.Debug|x86.Build.0 = Debug|Win32
		{0007D76B-E628-4BEE-97A8-AFD132696EC7}.Release|x64.ActiveCfg = Release|x64
		{0007D76B-E628-4BEE-97A8-AFD132696EC7}.Release|x64.Build.0 = Release|x64
		{0007D76B-E628-4BEE-97A8-AFD132696EC7}.Release|x86.ActiveCfg = Release|Win32
		{0007D76B-E628-4BEE-97A8-AFD132696EC7}.Release|x86.Build.0 = Release|Win32
		{29747F0A-B6DF-4BCB-AEDF-B29058332B88}.Debug|x64.ActiveCfg = Debug|x64
		{29747F0A-B6DF-4BCB-AEDF-B29058332B88}.Debug|x64.Build.0 = Debug|x64
		{29747F0A-B6DF-4BCB-AEDF-B29058332B88}.Debug|x86.ActiveCfg = Debug|Win32
		{29747F0A-B6DF-4BCB-AEDF-B29058332B88}.Debug|x86.Build.0 = Debug|Win32
		{29747F0A-B6DF-4BCB-AEDF-B29058332B88}.Release|x64.ActiveCfg = Release|x64
		{29747F0A-B6DF-4BCB-AEDF-B29058332B88}.Release|x64.Build.0 = Release|x64
		{29747F0A-B6DF-4BCB-AEDF-B29058332B88}.Release|x86.ActiveCfg = Release|Win32
		{29747F0A-B6DF-4BCB-AEDF-B29058332B88}.Release|x86.Build.0 = Release|Win32
		{23CE3734-E61D-4194-B7C9-9C0C5724133F}.Debug|x64.ActiveCfg = Debug|x64
		{23CE3734-E61D-4194-B7C9-9C0C5724133F}.Debug|x64.Build.0 = Debug|x64
		{23CE3734-E61D-4194-B7C9-9C0C5724133F}.Debug|x86.ActiveCfg = Debug|Win32
		{23CE3734-E61D-4194-B7C9-9C0C5724133F}.Debug|x86.Build.0 = Debug|Win32
		{23CE3734-E61D-4194-B7C9-9C0C5724133F}.Release|x64.ActiveCfg = Release|x64
		{23CE3734-E61D-4194-B7C9-9C0C5724133F}.Release|x64.Build.0 = Release|x64
		{23CE3734-E61D-4194-B7C9-9C0C5724133F}.Release|x86.ActiveCfg = Release|Win32
		{23CE3734-E61D-4194-B7C9-9C0C5724133F}.Release|x86.Build.0 = Release|Win32
		{797B3620-739F-4A3D-864E-578AD281C09B}.Debug|x64.ActiveCfg = Debug|x64
		{797B3620-739F-4A3D-864E-578AD281C09B}.Debug|x64.Build.0 = Debug|x64
		{797B3620-739F-4A3D-864E-578AD281C09B}.Debug|x86.ActiveCfg = Debug|Win32
		{797B3620-739F-4A3D-864E-578AD281C09B}.Debug|x86.Build.0 = Debug|Win32
		{797B3620-739F-4A3D-864E-578AD281C09B}.Release|x64.ActiveCfg = Release|x64
		{797B3620-739F-4A3D-864E-578AD281C09B}.Release|x64.Build.0 = Release|x64
		{797B3620-739F-4A3D-864E-578AD281C09B}.Release|x86.ActiveCfg = Release|Win32
		{797B3620-739F-4A3D-864E-578AD281C09B}.Release|x86.Build.0 = Release|Win32
		{244B9648-5FF0-40E6-B00D-618FC42273D7}.Debug|x64.ActiveCfg = Debug|x64
		{244B9648-5FF0-40E6-B00D-618FC42273D7}.Debug|x64.Build.0 = Debug|x64
		{244B9648-5FF0-40E6-B00D-618FC42273D7}.Debug|x86.ActiveCfg = Debug|Win32
		{244B9648-5FF0-40E6-B00D-618FC42273D7}.Debug|x86.Build.0 = Debug|Win32
		{244B9648-5FF0-40E6-B00D-618FC42273D7}.Release|x64.ActiveCfg = Release|x64
		{244B9648-5FF0-40E6-B00D-618FC42273D7}.Release|x64.Build.0 = Release|x64
		{244B9648-5FF0-40E6-B00D-618FC42273D7}.Release|x86.ActiveCfg = Release|Win32
		{244B9648-5FF0-40E6-B00D-618FC42273D7}.Release|x86.Build.0 = Release|Win32
		{999063CF-BF91-4F3E-8146-D8EDC22D4C42}.Debug|x64.ActiveCfg = Debug|x64
		{999063CF-BF91-4F3E-8146-D8EDC22D4C42}.Debug|x64.Build.0 = Debug|x64
		{999063CF-BF91-4F3E-8146-D8EDC22D4C42}.Debug|x86.ActiveCfg = Debug|Win32
		{999063CF-BF91-4F3E-8146-D8EDC22D4C42}.Debug|x86.Build.0 = Debug|Win32
		{999063CF-BF91-4F3E-8146-D8EDC22D4C42}.Release|x64.ActiveCfg = Release|x64
		{999063CF-BF91-4F3E-8146-D8EDC22D4C42}.Release|x64.Build.0 = Release|x64
		{999063CF-BF91-4F3E-8146-D8EDC22D4C42}.Release|x86.ActiveCfg = Release|Win32
		{999063CF-BF91-4F3E-8146-D8EDC22D4C42}.Release|x86.Build.0 = Release|Win32
		{58EB814D-D2C5-4FE6-A4F4-35B8A2EE0AEF}.Debug|x64.ActiveCfg = Debug|x64
		{58EB814D-D2C5-4FE6-A4F4-35B8A2EE0AEF}.Debug|x64.Build.0 = Debug|x64
		{58EB814D-D2C5-4FE6-A4F4-35B8A2EE0AEF}.Debug|x86.ActiveCfg = Debug|Win32
		{58EB814D-D2C5-4FE6-A4F4-35B8A2EE0AEF}.Debug|x86.Build.0 = Debug|Win32
		{58EB814D-D2C5-4FE6-A4F4-35B8A2EE0AEF}.Release|x64.ActiveCfg = Release|x64
		{58EB814D-D2C5-4FE6-A4F4-35B8A2EE0AEF}.Release|x64.Build.0 = Release|x64
		{58EB814D-D2C5-4FE6-A4F4-35B8A2EE0AEF}.Release|x86.ActiveCfg = Release|Win32
		{58EB814D-D2C5-4FE6-A4F4-35B8A2EE0AEF}.Release|x86.Build.0 = Release|Win32
		{20F995C8-6CC2-42C6-9E89-E526341EF2CD}.Debug|x64.ActiveCfg = Debug|x64
		{20F995C8-6CC2-42C6-9E89-E526341EF2CD}.Debug|x64.Build.0 = Debug|x64
		{20F995C8-6CC2-42C6-9E89-E526341EF2CD}.Debug|x86.ActiveCfg = Debug|Win32
		{20F995C8-6CC2-42C6-9E89-E526341EF2CD}.Debug|x86.Build.0 = Debug|Win32
		{20F995C8-6CC2-42C6-9E89-E526341EF2CD}.Release|x64.ActiveCfg = Release|x64
		{20F995C8-6CC2-42C6-9E89-E526341EF2CD}.Release|x64.Build.0 = Release|x64
		{20F995C8-6CC2-42C6-9E89-E526341EF2CD}.Release|x86.ActiveCfg = Release|Win32
		{20F995C8-6CC2-42C6-9E89-E526341EF2CD}.Release|x86.Build.0 = Release|Win32
		{6A91221B-C4DC-40E1-856F-BBDC8717339C}.Debug|x64.ActiveCfg = Debug|x64
		{6A91221B-C4DC-40E1-856F-BBDC8717339C}.Debug|x64.Build.0 = Debug|x64
		{6A91221B-C4DC-40E1-856F-BBDC8717339C}.Debug|x86.ActiveCfg = Debug|Win32
		{6A91221B-C4DC-40E1-856F-BBDC8717339C}.Debug|x86.Build.0 = Debug|Win32
		{6A91221B-C4DC-40E1-856F-BBDC8717339C}.Release|x64.ActiveCfg = Release|x64
		{6A91221B-C4DC-40E1-856F-BBDC8717339C}.Release|x64.Build.0 = Release|x64
		{6A91221B-C4DC-40E1-856F-BBDC8717339C}.Release|x86.ActiveCfg = Release|Win32
		{6A91221B-C4DC-40E1-856F-BBDC8717339C}.Release|x86.Build.0 = Release|Win32
		{A7708743-5971-498E-B6F1-3401AE6AE3D1}.Debug|x64.ActiveCfg = Debug|x64
		{A7708743-5971-498E-B6F1-3401AE6AE3D1}.Debug|x64.Build.0 = Debug|x64
		{A7708743-5971-498E-B6F1-3401AE6AE3D1}.Debug|x86.ActiveCfg = Debug|Win32
		{A7708743-5971-498E-B6F1-3401AE6AE3D1}.Debug|x86.Build.0 = Debug|Win32
		{A7708743-5971-498E-B6F1-3401AE6AE3D1}.Release|x64.ActiveCfg = Release|x64
		{A7708743-5971-498E-B6F1-3401AE6AE3D1}.Release|x64.Build.0 = Release|x64
		{A7708743-5971-498E-B6F1-3401AE6AE3D1}.Release|x86.ActiveCfg = Release|Win32
		{A7708743-5971-498E-B6F1-3401AE6AE3D1}.Release|x86.Build.0 = Release|Win32
		{92E6B82B-97DE-4CDB-A596-54D3372254B4}.Debug|x64.ActiveCfg = Debug|x64
		{92E6B82B-97DE-4CDB-A596-54D3372254B4}.Debug|x64.Build.0 = Debug|x64
		{92E6B82B-97DE-4CDB-A596-54D3372254B4}.Debug|x86.ActiveCfg = Debug|Win32
		{92E6B82B-97DE-4CDB-A596-54D3372254B4}.Debug|x86.Build.0 = Debug|Win32
		{92E6B82B-97DE-4CDB-A596-54D3372254B4}.Release|x64.ActiveCfg = Release|x64
		{92E6B82B-97DE-4CDB-A596-54D3372254B4}.Release|x64.Build.0 = Release|x64
		{92E6B82B-97DE-4CDB-A596-54D3372254B4}.Release|x86.ActiveCfg = Release|Win32
		{92E6B82B-97DE-4CDB-A596-54D3372254B4}.Release|x86.Build.0 = Release|Win32
		{49700849-4901-4776-906A-24A196403BE8}.Debug|x64.ActiveCfg = Debug|x64
		{49700849-4901-4776-906A-24A196403BE8}.Debug|x64.Build.0 = Debug|x64
		{49700849-4901-4776-906A-24A196403BE8}.Debug|x86.ActiveCfg = Debug|Win32
		{49700849-4901-4776-906A-24A196403BE8}.Debug|x86.Build.0 = Debug|Win32
		{49700849-4901-4776-906A-24A196403BE8}.Release|x64.ActiveCfg = Release|x64
		{49700849-4901-4776-906A-24A196403BE8}.Release|x64.Build.0 = Release|x64
		{49700849-4901-4776-906A-24A196403BE8}.Release|x86.ActiveCfg = Release|Win32
		{49700849-4901-4776-906A-24A196403BE8}.Release|x86.Build.0 = Release|Win32
		{735A8EE8-E01B-42D1-B6F4-37992D4A245C}.Debug|x64.ActiveCfg = Debug|x64
		{735A8EE8-E01B-42D1-B6F4-37992D4A245C}.Debug|x64.Build.0 = Debug|x64
		{735A8EE8-E01B-42D1-B6F4-37992D4A245C}.Debug|x86.ActiveCfg = Debug|Win32
		{735A8EE8-E01B-42D1-B6F4-37992D4A245C}.Debug|x86.Build.0 = Debug|Win32
		{735A8EE8-E01B-42D1-B6F4-37992D4A245C}.Release|x64.ActiveCfg = Release|x64
		{735A8EE8-E01B-42D1-B6F4-37992D4A245C}.Release|x64.Build.0 = Release|x64
		{735A8EE8-E01B-42D1-B6F4-37992D4A245C}.Release|x86.ActiveCfg = Release|Win32
		{735A8EE8-E01B-42D1-B6F4-37992D4A245C}.Release|x86.Build.0 = Release|Win32
		{5F3FC40F-52AB-4A66-8752-171F07BF09DC}.Debug|x64.ActiveCfg = Debug|x64
		{5F3FC40F-52AB-4A66-8752-171F07BF09DC}.Debug|x64.Build.0 = Debug|x64
		{5F3FC40F-52AB-4A66-8752-171F07BF09DC}.Debug|x86.ActiveCfg = Debug|Win32
		{5F3FC40F-52AB-4A66-8752-171F07BF09DC}.Debug|x86.Build.0 = Debug|Win32
		{5F3FC40F-52AB-4A66-8752-171F07BF09DC}.Release|x64.ActiveCfg = Release|x64
		{5F3FC40F-52AB-4A66-8752-171F07BF09DC}.Release|x64.Build.0 = Release|x64
		{5F3FC40F-52AB-4A66-8752-171F07BF09DC}.Release|x86.ActiveCfg = Release|Win32
		{5F3FC40F-52AB-4A66-8752-171F07BF09DC}.Release|x86.Build.0 = Release|Win32
		{28F76649-2465-4A2E-A152-8D13E721DB32}.Debug|x64.ActiveCfg = Debug|x64
		{28F76649-2465-4A2E-A152-8D13E721DB32}.Debug|x64.Build.0 = Debug|x64
		{28F76649-2465-4A2E-A152-8D13E721DB32}.Debug|x86.ActiveCfg = Debug|Win32
		{28F76649-2465-4A2E-A152-8D13E721DB32}.Debug|x86.Build.0 = Debug|Win32
		{28F76649-2465-4A2E-A152-8D13E721DB32}.Release|x64.ActiveCfg = Release|x64
		{28F76649-2465-4A2E-A152-8D13E721DB32}.Release|x64.Build.0 = Release|x64
		{28F76649-2465-4A2E-A152-8D13E721DB32}.Release|x86.ActiveCfg = Release|Win32
		{28F76649-2465-4A2E-A152-8D13E721DB32}.Release|x86.Build.0 = Release|Win32
		{47B6D3E5-21C6-4450-9279-1A503DCCC1A3}.Debug|x64.ActiveCfg = Debug|x64
		{47B6D3E5-21C6-4450-9279-1A503DCCC1A3}.Debug|x64.Build.0 = Debug|x64
		{47B6D3E5-21C6-4450-9279-1A503DCCC1A3}.Debug|x86.ActiveCfg = Debug|Win32
		{47B6D3E5-21C6-4450-9279-1A503DCCC1A3}.Debug|x86.Build.0 = Debug|Win32
		{47B6D3E5-21C6-4450-9279-1A503DCCC1A3}.Release|x64.ActiveCfg = Release|x64
		{47B6D3E5-21C6-4450-9279-1A503DCCC1A3}.Release|x64.Build.0 = Release|x64
		{47B6D3E5-21C6-4450-9279-1A503DCCC1A3}.Release|x86.ActiveCfg = Release|Win32
		{47B6D3E5-21C6-4450-9279-1A503DCCC1A3}.Release|x86.Build.0 = Release|Win32
	EndGlobalSection
	GlobalSection(SolutionProperties) = preSolution
		HideSolutionNode = FALSE
	EndGlobalSection
	GlobalSection(ExtensibilityGlobals) = postSolution
		SolutionGuid = {D6804742-A649-4064-81CC-59F76353F9D3}
	EndGlobalSection
EndGlobal
